
Microsoft Visual Studio Solution File, Format Version 12.00
# Visual Studio Version 17
VisualStudioVersion = 17.1.32421.90
MinimumVisualStudioVersion = 10.0.40219.1
Project("{FAE04EC0-301F-11D3-BF4B-00C04F79EFBC}") = "CabInvoiceGenerator", "CabInvoiceGenerator\CabInvoiceGenerator.csproj", "{A9F593F7-5361-4064-AC68-B0F60E2443E5}"
EndProject
Global
	GlobalSection(SolutionConfigurationPlatforms) = preSolution
		Debug|Any CPU = Debug|Any CPU
		Release|Any CPU = Release|Any CPU
	EndGlobalSection
	GlobalSection(ProjectConfigurationPlatforms) = postSolution
		{A9F593F7-5361-4064-AC68-B0F60E2443E5}.Debug|Any CPU.ActiveCfg = Debug|Any CPU
		{A9F593F7-5361-4064-AC68-B0F60E2443E5}.Debug|Any CPU.Build.0 = Debug|Any CPU
		{A9F593F7-5361-4064-AC68-B0F60E2443E5}.Release|Any CPU.ActiveCfg = Release|Any CPU
		{A9F593F7-5361-4064-AC68-B0F60E2443E5}.Release|Any CPU.Build.0 = Release|Any CPU
	EndGlobalSection
	GlobalSection(SolutionProperties) = preSolution
		HideSolutionNode = FALSE
	EndGlobalSection
	GlobalSection(ExtensibilityGlobals) = postSolution
		SolutionGuid = {B511A6F5-FB64-4956-AC2D-7F5685314C2D}
	EndGlobalSection
EndGlobal
